// !$*UTF8*$!
{
	archiveVersion = 1;
	classes = {
	};
	objectVersion = 50;
	objects = {

/* Begin PBXBuildFile section */
		092DC0702454AB99007A724B /* GarageAnnotation.swift in Sources */ = {isa = PBXBuildFile; fileRef = 092DC06F2454AB99007A724B /* GarageAnnotation.swift */; };
		092DC09424594042007A724B /* Alert+ActionSheet.swift in Sources */ = {isa = PBXBuildFile; fileRef = 092DC09324594042007A724B /* Alert+ActionSheet.swift */; };
		092DC09624595430007A724B /* ImagePickerState.swift in Sources */ = {isa = PBXBuildFile; fileRef = 092DC09524595430007A724B /* ImagePickerState.swift */; };
		092DC098245F2F70007A724B /* DisplayImageViewController.swift in Sources */ = {isa = PBXBuildFile; fileRef = 092DC097245F2F70007A724B /* DisplayImageViewController.swift */; };
		092DC09A245F92FF007A724B /* RestaurantAnnotation.swift in Sources */ = {isa = PBXBuildFile; fileRef = 092DC099245F92FF007A724B /* RestaurantAnnotation.swift */; };
		092DC09C245FF37E007A724B /* ShoppingAnnotation.swift in Sources */ = {isa = PBXBuildFile; fileRef = 092DC09B245FF37E007A724B /* ShoppingAnnotation.swift */; };
		092DC09E2460DB5D007A724B /* ColorPalette.swift in Sources */ = {isa = PBXBuildFile; fileRef = 092DC09D2460DB5D007A724B /* ColorPalette.swift */; };
		092DC0A02461CE68007A724B /* LocEightButton.swift in Sources */ = {isa = PBXBuildFile; fileRef = 092DC09F2461CE68007A724B /* LocEightButton.swift */; };
		0956B4722475D2E100E0E4D5 /* WebKit.framework in Frameworks */ = {isa = PBXBuildFile; fileRef = 0956B4712475D2E100E0E4D5 /* WebKit.framework */; };
		095AD2B6246B0F2100486929 /* TermsViewController.swift in Sources */ = {isa = PBXBuildFile; fileRef = 095AD2B5246B0F2100486929 /* TermsViewController.swift */; };
		095AD2B8246B873200486929 /* TermsAndConditions.swift in Sources */ = {isa = PBXBuildFile; fileRef = 095AD2B7246B873200486929 /* TermsAndConditions.swift */; };
		09B505012444D7FC000DA639 /* AppDelegate.swift in Sources */ = {isa = PBXBuildFile; fileRef = 09B505002444D7FC000DA639 /* AppDelegate.swift */; };
		09B505032444D7FC000DA639 /* SceneDelegate.swift in Sources */ = {isa = PBXBuildFile; fileRef = 09B505022444D7FC000DA639 /* SceneDelegate.swift */; };
		09B505082444D7FC000DA639 /* Main.storyboard in Resources */ = {isa = PBXBuildFile; fileRef = 09B505062444D7FC000DA639 /* Main.storyboard */; };
		09B5050A2444D7FD000DA639 /* Assets.xcassets in Resources */ = {isa = PBXBuildFile; fileRef = 09B505092444D7FD000DA639 /* Assets.xcassets */; };
		09B5050D2444D7FD000DA639 /* LaunchScreen.storyboard in Resources */ = {isa = PBXBuildFile; fileRef = 09B5050B2444D7FD000DA639 /* LaunchScreen.storyboard */; };
		09B505162444F327000DA639 /* HomeViewController.swift in Sources */ = {isa = PBXBuildFile; fileRef = 09B505152444F327000DA639 /* HomeViewController.swift */; };
		09B505182445099C000DA639 /* LeftSidePanelViewController.swift in Sources */ = {isa = PBXBuildFile; fileRef = 09B505172445099C000DA639 /* LeftSidePanelViewController.swift */; };
		09B5051A24450C79000DA639 /* ContainerViewController.swift in Sources */ = {isa = PBXBuildFile; fileRef = 09B5051924450C79000DA639 /* ContainerViewController.swift */; };
		09B5051D24451813000DA639 /* CenterViewControllerDelegate.swift in Sources */ = {isa = PBXBuildFile; fileRef = 09B5051C24451813000DA639 /* CenterViewControllerDelegate.swift */; };
		09B505242447F25A000DA639 /* MenuFunctions.swift in Sources */ = {isa = PBXBuildFile; fileRef = 09B505232447F25A000DA639 /* MenuFunctions.swift */; };
		09B505292447F45A000DA639 /* LocationVehicleDelegate.swift in Sources */ = {isa = PBXBuildFile; fileRef = 09B505282447F45A000DA639 /* LocationVehicleDelegate.swift */; };
		09B5052C24499C61000DA639 /* ParkingAnnotation.swift in Sources */ = {isa = PBXBuildFile; fileRef = 09B5052B24499C61000DA639 /* ParkingAnnotation.swift */; };
		09B50530244B89B3000DA639 /* LocEight.xcdatamodeld in Sources */ = {isa = PBXBuildFile; fileRef = 09B5052E244B89B3000DA639 /* LocEight.xcdatamodeld */; };
		09B50532244B8B18000DA639 /* CoreDataStack.swift in Sources */ = {isa = PBXBuildFile; fileRef = 09B50531244B8B18000DA639 /* CoreDataStack.swift */; };
		09B50534244CD046000DA639 /* UserAnnotation.swift in Sources */ = {isa = PBXBuildFile; fileRef = 09B50533244CD046000DA639 /* UserAnnotation.swift */; };
		09BE7EC02465C13700FB6C14 /* LaunchViewController.swift in Sources */ = {isa = PBXBuildFile; fileRef = 09BE7EBF2465C13700FB6C14 /* LaunchViewController.swift */; };
/* End PBXBuildFile section */

/* Begin PBXFileReference section */
		092DC06F2454AB99007A724B /* GarageAnnotation.swift */ = {isa = PBXFileReference; lastKnownFileType = sourcecode.swift; path = GarageAnnotation.swift; sourceTree = "<group>"; };
		092DC09324594042007A724B /* Alert+ActionSheet.swift */ = {isa = PBXFileReference; lastKnownFileType = sourcecode.swift; path = "Alert+ActionSheet.swift"; sourceTree = "<group>"; };
		092DC09524595430007A724B /* ImagePickerState.swift */ = {isa = PBXFileReference; lastKnownFileType = sourcecode.swift; path = ImagePickerState.swift; sourceTree = "<group>"; };
		092DC097245F2F70007A724B /* DisplayImageViewController.swift */ = {isa = PBXFileReference; lastKnownFileType = sourcecode.swift; path = DisplayImageViewController.swift; sourceTree = "<group>"; };
		092DC099245F92FF007A724B /* RestaurantAnnotation.swift */ = {isa = PBXFileReference; lastKnownFileType = sourcecode.swift; path = RestaurantAnnotation.swift; sourceTree = "<group>"; };
		092DC09B245FF37E007A724B /* ShoppingAnnotation.swift */ = {isa = PBXFileReference; lastKnownFileType = sourcecode.swift; path = ShoppingAnnotation.swift; sourceTree = "<group>"; };
		092DC09D2460DB5D007A724B /* ColorPalette.swift */ = {isa = PBXFileReference; lastKnownFileType = sourcecode.swift; path = ColorPalette.swift; sourceTree = "<group>"; };
		092DC09F2461CE68007A724B /* LocEightButton.swift */ = {isa = PBXFileReference; lastKnownFileType = sourcecode.swift; path = LocEightButton.swift; sourceTree = "<group>"; };
		0956B4712475D2E100E0E4D5 /* WebKit.framework */ = {isa = PBXFileReference; lastKnownFileType = wrapper.framework; name = WebKit.framework; path = System/Library/Frameworks/WebKit.framework; sourceTree = SDKROOT; };
		095AD2B5246B0F2100486929 /* TermsViewController.swift */ = {isa = PBXFileReference; lastKnownFileType = sourcecode.swift; path = TermsViewController.swift; sourceTree = "<group>"; };
		095AD2B7246B873200486929 /* TermsAndConditions.swift */ = {isa = PBXFileReference; lastKnownFileType = sourcecode.swift; path = TermsAndConditions.swift; sourceTree = "<group>"; };
		09B504FD2444D7FC000DA639 /* LocEightV_1.app */ = {isa = PBXFileReference; explicitFileType = wrapper.application; includeInIndex = 0; path = LocEightV_1.app; sourceTree = BUILT_PRODUCTS_DIR; };
		09B505002444D7FC000DA639 /* AppDelegate.swift */ = {isa = PBXFileReference; lastKnownFileType = sourcecode.swift; path = AppDelegate.swift; sourceTree = "<group>"; };
		09B505022444D7FC000DA639 /* SceneDelegate.swift */ = {isa = PBXFileReference; lastKnownFileType = sourcecode.swift; path = SceneDelegate.swift; sourceTree = "<group>"; };
		09B505072444D7FC000DA639 /* Base */ = {isa = PBXFileReference; lastKnownFileType = file.storyboard; name = Base; path = Base.lproj/Main.storyboard; sourceTree = "<group>"; };
		09B505092444D7FD000DA639 /* Assets.xcassets */ = {isa = PBXFileReference; lastKnownFileType = folder.assetcatalog; path = Assets.xcassets; sourceTree = "<group>"; };
		09B5050C2444D7FD000DA639 /* Base */ = {isa = PBXFileReference; lastKnownFileType = file.storyboard; name = Base; path = Base.lproj/LaunchScreen.storyboard; sourceTree = "<group>"; };
		09B5050E2444D7FD000DA639 /* Info.plist */ = {isa = PBXFileReference; lastKnownFileType = text.plist.xml; path = Info.plist; sourceTree = "<group>"; };
		09B505152444F327000DA639 /* HomeViewController.swift */ = {isa = PBXFileReference; lastKnownFileType = sourcecode.swift; path = HomeViewController.swift; sourceTree = "<group>"; };
		09B505172445099C000DA639 /* LeftSidePanelViewController.swift */ = {isa = PBXFileReference; lastKnownFileType = sourcecode.swift; path = LeftSidePanelViewController.swift; sourceTree = "<group>"; };
		09B5051924450C79000DA639 /* ContainerViewController.swift */ = {isa = PBXFileReference; lastKnownFileType = sourcecode.swift; path = ContainerViewController.swift; sourceTree = "<group>"; };
		09B5051C24451813000DA639 /* CenterViewControllerDelegate.swift */ = {isa = PBXFileReference; lastKnownFileType = sourcecode.swift; path = CenterViewControllerDelegate.swift; sourceTree = "<group>"; };
		09B505232447F25A000DA639 /* MenuFunctions.swift */ = {isa = PBXFileReference; lastKnownFileType = sourcecode.swift; path = MenuFunctions.swift; sourceTree = "<group>"; };
		09B505282447F45A000DA639 /* LocationVehicleDelegate.swift */ = {isa = PBXFileReference; lastKnownFileType = sourcecode.swift; path = LocationVehicleDelegate.swift; sourceTree = "<group>"; };
		09B5052B24499C61000DA639 /* ParkingAnnotation.swift */ = {isa = PBXFileReference; lastKnownFileType = sourcecode.swift; path = ParkingAnnotation.swift; sourceTree = "<group>"; };
		09B5052F244B89B3000DA639 /* LocEight.xcdatamodel */ = {isa = PBXFileReference; lastKnownFileType = wrapper.xcdatamodel; path = LocEight.xcdatamodel; sourceTree = "<group>"; };
		09B50531244B8B18000DA639 /* CoreDataStack.swift */ = {isa = PBXFileReference; lastKnownFileType = sourcecode.swift; path = CoreDataStack.swift; sourceTree = "<group>"; };
		09B50533244CD046000DA639 /* UserAnnotation.swift */ = {isa = PBXFileReference; lastKnownFileType = sourcecode.swift; path = UserAnnotation.swift; sourceTree = "<group>"; };
		09BE7EBF2465C13700FB6C14 /* LaunchViewController.swift */ = {isa = PBXFileReference; lastKnownFileType = sourcecode.swift; path = LaunchViewController.swift; sourceTree = "<group>"; };
/* End PBXFileReference section */

/* Begin PBXFrameworksBuildPhase section */
		09B504FA2444D7FC000DA639 /* Frameworks */ = {
			isa = PBXFrameworksBuildPhase;
			buildActionMask = 2147483647;
			files = (
				0956B4722475D2E100E0E4D5 /* WebKit.framework in Frameworks */,
			);
			runOnlyForDeploymentPostprocessing = 0;
		};
/* End PBXFrameworksBuildPhase section */

/* Begin PBXGroup section */
		092DC06C2453DB6A007A724B /* Extensions */ = {
			isa = PBXGroup;
			children = (
				092DC09D2460DB5D007A724B /* ColorPalette.swift */,
			);
			path = Extensions;
			sourceTree = "<group>";
		};
		0956B4702475D2E100E0E4D5 /* Frameworks */ = {
			isa = PBXGroup;
			children = (
				0956B4712475D2E100E0E4D5 /* WebKit.framework */,
			);
			name = Frameworks;
			sourceTree = "<group>";
		};
		09B504F42444D7FC000DA639 = {
			isa = PBXGroup;
			children = (
				09B504FF2444D7FC000DA639 /* LocEightV_1 */,
				09B504FE2444D7FC000DA639 /* Products */,
				0956B4702475D2E100E0E4D5 /* Frameworks */,
			);
			sourceTree = "<group>";
		};
		09B504FE2444D7FC000DA639 /* Products */ = {
			isa = PBXGroup;
			children = (
				09B504FD2444D7FC000DA639 /* LocEightV_1.app */,
			);
			name = Products;
			sourceTree = "<group>";
		};
		09B504FF2444D7FC000DA639 /* LocEightV_1 */ = {
			isa = PBXGroup;
			children = (
				092DC06C2453DB6A007A724B /* Extensions */,
				09B5052D244B8995000DA639 /* Model */,
				09B5052A24499B0B000DA639 /* Views */,
				09B505222447F22A000DA639 /* Enums */,
				09B5051B244517E9000DA639 /* Protocols */,
				09B505142444F30C000DA639 /* Controllers */,
				09B505002444D7FC000DA639 /* AppDelegate.swift */,
				09B505022444D7FC000DA639 /* SceneDelegate.swift */,
				09B505062444D7FC000DA639 /* Main.storyboard */,
				09B505092444D7FD000DA639 /* Assets.xcassets */,
				09B5050B2444D7FD000DA639 /* LaunchScreen.storyboard */,
				09B5050E2444D7FD000DA639 /* Info.plist */,
			);
			path = LocEightV_1;
			sourceTree = "<group>";
		};
		09B505142444F30C000DA639 /* Controllers */ = {
			isa = PBXGroup;
			children = (
				09B505152444F327000DA639 /* HomeViewController.swift */,
				09B505172445099C000DA639 /* LeftSidePanelViewController.swift */,
				09B5051924450C79000DA639 /* ContainerViewController.swift */,
				092DC097245F2F70007A724B /* DisplayImageViewController.swift */,
				09BE7EBF2465C13700FB6C14 /* LaunchViewController.swift */,
				095AD2B5246B0F2100486929 /* TermsViewController.swift */,
			);
			path = Controllers;
			sourceTree = "<group>";
		};
		09B5051B244517E9000DA639 /* Protocols */ = {
			isa = PBXGroup;
			children = (
				09B5051C24451813000DA639 /* CenterViewControllerDelegate.swift */,
				09B505282447F45A000DA639 /* LocationVehicleDelegate.swift */,
			);
			path = Protocols;
			sourceTree = "<group>";
		};
		09B505222447F22A000DA639 /* Enums */ = {
			isa = PBXGroup;
			children = (
				09B505232447F25A000DA639 /* MenuFunctions.swift */,
				092DC09524595430007A724B /* ImagePickerState.swift */,
			);
			path = Enums;
			sourceTree = "<group>";
		};
		09B5052A24499B0B000DA639 /* Views */ = {
			isa = PBXGroup;
			children = (
				09B5052B24499C61000DA639 /* ParkingAnnotation.swift */,
				09B50533244CD046000DA639 /* UserAnnotation.swift */,
				092DC06F2454AB99007A724B /* GarageAnnotation.swift */,
				092DC099245F92FF007A724B /* RestaurantAnnotation.swift */,
				092DC09B245FF37E007A724B /* ShoppingAnnotation.swift */,
				092DC09324594042007A724B /* Alert+ActionSheet.swift */,
				092DC09F2461CE68007A724B /* LocEightButton.swift */,
				095AD2B7246B873200486929 /* TermsAndConditions.swift */,
			);
			path = Views;
			sourceTree = "<group>";
		};
		09B5052D244B8995000DA639 /* Model */ = {
			isa = PBXGroup;
			children = (
				09B5052E244B89B3000DA639 /* LocEight.xcdatamodeld */,
				09B50531244B8B18000DA639 /* CoreDataStack.swift */,
			);
			path = Model;
			sourceTree = "<group>";
		};
/* End PBXGroup section */

/* Begin PBXNativeTarget section */
		09B504FC2444D7FC000DA639 /* LocEightV_1 */ = {
			isa = PBXNativeTarget;
			buildConfigurationList = 09B505112444D7FD000DA639 /* Build configuration list for PBXNativeTarget "LocEightV_1" */;
			buildPhases = (
				09B504F92444D7FC000DA639 /* Sources */,
				09B504FA2444D7FC000DA639 /* Frameworks */,
				09B504FB2444D7FC000DA639 /* Resources */,
			);
			buildRules = (
			);
			dependencies = (
			);
			name = LocEightV_1;
			productName = LocEightV_1;
			productReference = 09B504FD2444D7FC000DA639 /* LocEightV_1.app */;
			productType = "com.apple.product-type.application";
		};
/* End PBXNativeTarget section */

/* Begin PBXProject section */
		09B504F52444D7FC000DA639 /* Project object */ = {
			isa = PBXProject;
			attributes = {
				LastSwiftUpdateCheck = 1130;
				LastUpgradeCheck = 1130;
				ORGANIZATIONNAME = "Norbert Grover";
				TargetAttributes = {
					09B504FC2444D7FC000DA639 = {
						CreatedOnToolsVersion = 11.3.1;
					};
				};
			};
			buildConfigurationList = 09B504F82444D7FC000DA639 /* Build configuration list for PBXProject "LocEightV_1" */;
			compatibilityVersion = "Xcode 9.3";
			developmentRegion = en;
			hasScannedForEncodings = 0;
			knownRegions = (
				en,
				Base,
			);
			mainGroup = 09B504F42444D7FC000DA639;
			productRefGroup = 09B504FE2444D7FC000DA639 /* Products */;
			projectDirPath = "";
			projectRoot = "";
			targets = (
				09B504FC2444D7FC000DA639 /* LocEightV_1 */,
			);
		};
/* End PBXProject section */

/* Begin PBXResourcesBuildPhase section */
		09B504FB2444D7FC000DA639 /* Resources */ = {
			isa = PBXResourcesBuildPhase;
			buildActionMask = 2147483647;
			files = (
				09B5050D2444D7FD000DA639 /* LaunchScreen.storyboard in Resources */,
				09B5050A2444D7FD000DA639 /* Assets.xcassets in Resources */,
				09B505082444D7FC000DA639 /* Main.storyboard in Resources */,
			);
			runOnlyForDeploymentPostprocessing = 0;
		};
/* End PBXResourcesBuildPhase section */

/* Begin PBXSourcesBuildPhase section */
		09B504F92444D7FC000DA639 /* Sources */ = {
			isa = PBXSourcesBuildPhase;
			buildActionMask = 2147483647;
			files = (
				095AD2B6246B0F2100486929 /* TermsViewController.swift in Sources */,
				09B505012444D7FC000DA639 /* AppDelegate.swift in Sources */,
				09B505182445099C000DA639 /* LeftSidePanelViewController.swift in Sources */,
				09B505242447F25A000DA639 /* MenuFunctions.swift in Sources */,
				09B5051D24451813000DA639 /* CenterViewControllerDelegate.swift in Sources */,
				092DC0702454AB99007A724B /* GarageAnnotation.swift in Sources */,
				09B5052C24499C61000DA639 /* ParkingAnnotation.swift in Sources */,
				092DC098245F2F70007A724B /* DisplayImageViewController.swift in Sources */,
				09B505292447F45A000DA639 /* LocationVehicleDelegate.swift in Sources */,
				09B50532244B8B18000DA639 /* CoreDataStack.swift in Sources */,
				092DC09624595430007A724B /* ImagePickerState.swift in Sources */,
				092DC09A245F92FF007A724B /* RestaurantAnnotation.swift in Sources */,
				092DC09424594042007A724B /* Alert+ActionSheet.swift in Sources */,
				092DC09E2460DB5D007A724B /* ColorPalette.swift in Sources */,
				092DC09C245FF37E007A724B /* ShoppingAnnotation.swift in Sources */,
				092DC0A02461CE68007A724B /* LocEightButton.swift in Sources */,
				09B5051A24450C79000DA639 /* ContainerViewController.swift in Sources */,
				095AD2B8246B873200486929 /* TermsAndConditions.swift in Sources */,
				09B505032444D7FC000DA639 /* SceneDelegate.swift in Sources */,
				09B50534244CD046000DA639 /* UserAnnotation.swift in Sources */,
				09B50530244B89B3000DA639 /* LocEight.xcdatamodeld in Sources */,
				09BE7EC02465C13700FB6C14 /* LaunchViewController.swift in Sources */,
				09B505162444F327000DA639 /* HomeViewController.swift in Sources */,
			);
			runOnlyForDeploymentPostprocessing = 0;
		};
/* End PBXSourcesBuildPhase section */

/* Begin PBXVariantGroup section */
		09B505062444D7FC000DA639 /* Main.storyboard */ = {
			isa = PBXVariantGroup;
			children = (
				09B505072444D7FC000DA639 /* Base */,
			);
			name = Main.storyboard;
			sourceTree = "<group>";
		};
		09B5050B2444D7FD000DA639 /* LaunchScreen.storyboard */ = {
			isa = PBXVariantGroup;
			children = (
				09B5050C2444D7FD000DA639 /* Base */,
			);
			name = LaunchScreen.storyboard;
			sourceTree = "<group>";
		};
/* End PBXVariantGroup section */

/* Begin XCBuildConfiguration section */
		09B5050F2444D7FD000DA639 /* Debug */ = {
			isa = XCBuildConfiguration;
			buildSettings = {
				ALWAYS_SEARCH_USER_PATHS = NO;
				CLANG_ANALYZER_NONNULL = YES;
				CLANG_ANALYZER_NUMBER_OBJECT_CONVERSION = YES_AGGRESSIVE;
				CLANG_CXX_LANGUAGE_STANDARD = "gnu++14";
				CLANG_CXX_LIBRARY = "libc++";
				CLANG_ENABLE_MODULES = YES;
				CLANG_ENABLE_OBJC_ARC = YES;
				CLANG_ENABLE_OBJC_WEAK = YES;
				CLANG_WARN_BLOCK_CAPTURE_AUTORELEASING = YES;
				CLANG_WARN_BOOL_CONVERSION = YES;
				CLANG_WARN_COMMA = YES;
				CLANG_WARN_CONSTANT_CONVERSION = YES;
				CLANG_WARN_DEPRECATED_OBJC_IMPLEMENTATIONS = YES;
				CLANG_WARN_DIRECT_OBJC_ISA_USAGE = YES_ERROR;
				CLANG_WARN_DOCUMENTATION_COMMENTS = YES;
				CLANG_WARN_EMPTY_BODY = YES;
				CLANG_WARN_ENUM_CONVERSION = YES;
				CLANG_WARN_INFINITE_RECURSION = YES;
				CLANG_WARN_INT_CONVERSION = YES;
				CLANG_WARN_NON_LITERAL_NULL_CONVERSION = YES;
				CLANG_WARN_OBJC_IMPLICIT_RETAIN_SELF = YES;
				CLANG_WARN_OBJC_LITERAL_CONVERSION = YES;
				CLANG_WARN_OBJC_ROOT_CLASS = YES_ERROR;
				CLANG_WARN_RANGE_LOOP_ANALYSIS = YES;
				CLANG_WARN_STRICT_PROTOTYPES = YES;
				CLANG_WARN_SUSPICIOUS_MOVE = YES;
				CLANG_WARN_UNGUARDED_AVAILABILITY = YES_AGGRESSIVE;
				CLANG_WARN_UNREACHABLE_CODE = YES;
				CLANG_WARN__DUPLICATE_METHOD_MATCH = YES;
				COPY_PHASE_STRIP = NO;
				DEBUG_INFORMATION_FORMAT = dwarf;
				ENABLE_STRICT_OBJC_MSGSEND = YES;
				ENABLE_TESTABILITY = YES;
				GCC_C_LANGUAGE_STANDARD = gnu11;
				GCC_DYNAMIC_NO_PIC = NO;
				GCC_NO_COMMON_BLOCKS = YES;
				GCC_OPTIMIZATION_LEVEL = 0;
				GCC_PREPROCESSOR_DEFINITIONS = (
					"DEBUG=1",
					"$(inherited)",
				);
				GCC_WARN_64_TO_32_BIT_CONVERSION = YES;
				GCC_WARN_ABOUT_RETURN_TYPE = YES_ERROR;
				GCC_WARN_UNDECLARED_SELECTOR = YES;
				GCC_WARN_UNINITIALIZED_AUTOS = YES_AGGRESSIVE;
				GCC_WARN_UNUSED_FUNCTION = YES;
				GCC_WARN_UNUSED_VARIABLE = YES;
				IPHONEOS_DEPLOYMENT_TARGET = 13.2;
				MTL_ENABLE_DEBUG_INFO = INCLUDE_SOURCE;
				MTL_FAST_MATH = YES;
				ONLY_ACTIVE_ARCH = YES;
				SDKROOT = iphoneos;
				SWIFT_ACTIVE_COMPILATION_CONDITIONS = DEBUG;
				SWIFT_OPTIMIZATION_LEVEL = "-Onone";
			};
			name = Debug;
		};
		09B505102444D7FD000DA639 /* Release */ = {
			isa = XCBuildConfiguration;
			buildSettings = {
				ALWAYS_SEARCH_USER_PATHS = NO;
				CLANG_ANALYZER_NONNULL = YES;
				CLANG_ANALYZER_NUMBER_OBJECT_CONVERSION = YES_AGGRESSIVE;
				CLANG_CXX_LANGUAGE_STANDARD = "gnu++14";
				CLANG_CXX_LIBRARY = "libc++";
				CLANG_ENABLE_MODULES = YES;
				CLANG_ENABLE_OBJC_ARC = YES;
				CLANG_ENABLE_OBJC_WEAK = YES;
				CLANG_WARN_BLOCK_CAPTURE_AUTORELEASING = YES;
				CLANG_WARN_BOOL_CONVERSION = YES;
				CLANG_WARN_COMMA = YES;
				CLANG_WARN_CONSTANT_CONVERSION = YES;
				CLANG_WARN_DEPRECATED_OBJC_IMPLEMENTATIONS = YES;
				CLANG_WARN_DIRECT_OBJC_ISA_USAGE = YES_ERROR;
				CLANG_WARN_DOCUMENTATION_COMMENTS = YES;
				CLANG_WARN_EMPTY_BODY = YES;
				CLANG_WARN_ENUM_CONVERSION = YES;
				CLANG_WARN_INFINITE_RECURSION = YES;
				CLANG_WARN_INT_CONVERSION = YES;
				CLANG_WARN_NON_LITERAL_NULL_CONVERSION = YES;
				CLANG_WARN_OBJC_IMPLICIT_RETAIN_SELF = YES;
				CLANG_WARN_OBJC_LITERAL_CONVERSION = YES;
				CLANG_WARN_OBJC_ROOT_CLASS = YES_ERROR;
				CLANG_WARN_RANGE_LOOP_ANALYSIS = YES;
				CLANG_WARN_STRICT_PROTOTYPES = YES;
				CLANG_WARN_SUSPICIOUS_MOVE = YES;
				CLANG_WARN_UNGUARDED_AVAILABILITY = YES_AGGRESSIVE;
				CLANG_WARN_UNREACHABLE_CODE = YES;
				CLANG_WARN__DUPLICATE_METHOD_MATCH = YES;
				COPY_PHASE_STRIP = NO;
				DEBUG_INFORMATION_FORMAT = "dwarf-with-dsym";
				ENABLE_NS_ASSERTIONS = NO;
				ENABLE_STRICT_OBJC_MSGSEND = YES;
				GCC_C_LANGUAGE_STANDARD = gnu11;
				GCC_NO_COMMON_BLOCKS = YES;
				GCC_WARN_64_TO_32_BIT_CONVERSION = YES;
				GCC_WARN_ABOUT_RETURN_TYPE = YES_ERROR;
				GCC_WARN_UNDECLARED_SELECTOR = YES;
				GCC_WARN_UNINITIALIZED_AUTOS = YES_AGGRESSIVE;
				GCC_WARN_UNUSED_FUNCTION = YES;
				GCC_WARN_UNUSED_VARIABLE = YES;
				IPHONEOS_DEPLOYMENT_TARGET = 13.2;
				MTL_ENABLE_DEBUG_INFO = NO;
				MTL_FAST_MATH = YES;
				SDKROOT = iphoneos;
				SWIFT_COMPILATION_MODE = wholemodule;
				SWIFT_OPTIMIZATION_LEVEL = "-O";
				VALIDATE_PRODUCT = YES;
			};
			name = Release;
		};
		09B505122444D7FD000DA639 /* Debug */ = {
			isa = XCBuildConfiguration;
			buildSettings = {
				ASSETCATALOG_COMPILER_APPICON_NAME = AppIcon;
				CODE_SIGN_STYLE = Automatic;
				CURRENT_PROJECT_VERSION = 1;
				DEVELOPMENT_TEAM = 93TAG27MAJ;
				INFOPLIST_FILE = LocEightV_1/Info.plist;
				LD_RUNPATH_SEARCH_PATHS = (
					"$(inherited)",
					"@executable_path/Frameworks",
				);
				MARKETING_VERSION = 1.0.1;
				PRODUCT_BUNDLE_IDENTIFIER = "com.GroverTech.LocEightV-1";
				PRODUCT_NAME = "$(TARGET_NAME)";
				SWIFT_VERSION = 5.0;
				TARGETED_DEVICE_FAMILY = 1;
			};
			name = Debug;
		};
		09B505132444D7FD000DA639 /* Release */ = {
			isa = XCBuildConfiguration;
			buildSettings = {
				ASSETCATALOG_COMPILER_APPICON_NAME = AppIcon;
				CODE_SIGN_STYLE = Automatic;
				CURRENT_PROJECT_VERSION = 1;
				DEVELOPMENT_TEAM = 93TAG27MAJ;
				INFOPLIST_FILE = LocEightV_1/Info.plist;
				LD_RUNPATH_SEARCH_PATHS = (
					"$(inherited)",
					"@executable_path/Frameworks",
				);
				MARKETING_VERSION = 1.0.1;
				PRODUCT_BUNDLE_IDENTIFIER = "com.GroverTech.LocEightV-1";
				PRODUCT_NAME = "$(TARGET_NAME)";
				SWIFT_VERSION = 5.0;
				TARGETED_DEVICE_FAMILY = 1;
			};
			name = Release;
		};
/* End XCBuildConfiguration section */

/* Begin XCConfigurationList section */
		09B504F82444D7FC000DA639 /* Build configuration list for PBXProject "LocEightV_1" */ = {
			isa = XCConfigurationList;
			buildConfigurations = (
				09B5050F2444D7FD000DA639 /* Debug */,
				09B505102444D7FD000DA639 /* Release */,
			);
			defaultConfigurationIsVisible = 0;
			defaultConfigurationName = Release;
		};
		09B505112444D7FD000DA639 /* Build configuration list for PBXNativeTarget "LocEightV_1" */ = {
			isa = XCConfigurationList;
			buildConfigurations = (
				09B505122444D7FD000DA639 /* Debug */,
				09B505132444D7FD000DA639 /* Release */,
			);
			defaultConfigurationIsVisible = 0;
			defaultConfigurationName = Release;
		};
/* End XCConfigurationList section */

/* Begin XCVersionGroup section */
		09B5052E244B89B3000DA639 /* LocEight.xcdatamodeld */ = {
			isa = XCVersionGroup;
			children = (
				09B5052F244B89B3000DA639 /* LocEight.xcdatamodel */,
			);
			currentVersion = 09B5052F244B89B3000DA639 /* LocEight.xcdatamodel */;
			path = LocEight.xcdatamodeld;
			sourceTree = "<group>";
			versionGroupType = wrapper.xcdatamodel;
		};
/* End XCVersionGroup section */
	};
	rootObject = 09B504F52444D7FC000DA639 /* Project object */;
}
